<?xml version="1.0" encoding="utf-8"?>
<Project ToolsVersion="4.0" xmlns="http://schemas.microsoft.com/developer/msbuild/2003">
  <ItemGroup>
    <Filter Include="源文件">
      <UniqueIdentifier>{4FC737F1-C7A5-4376-A066-2A32D752A2FF}</UniqueIdentifier>
      <Extensions>cpp;c;cc;cxx;c++;cppm;ixx;def;odl;idl;hpj;bat;asm;asmx</Extensions>
    </Filter>
    <Filter Include="头文件">
      <UniqueIdentifier>{93995380-89BD-4b04-88EB-625FBE52EBFB}</UniqueIdentifier>
      <Extensions>h;hh;hpp;hxx;h++;hm;inl;inc;ipp;xsd</Extensions>
    </Filter>
    <Filter Include="资源文件">
      <UniqueIdentifier>{67DA6AB6-F800-4c08-8B7A-83BB121AAD01}</UniqueIdentifier>
      <Extensions>rc;ico;cur;bmp;dlg;rc2;rct;bin;rgs;gif;jpg;jpeg;jpe;resx;tiff;tif;png;wav;mfcribbon-ms</Extensions>
    </Filter>
  </ItemGroup>
  <ItemGroup>
    <ClCompile Include="1009  Product of Polynomials.cpp">
      <Filter>源文件</Filter>
    </ClCompile>
    <ClCompile Include="1010 Radix.cpp">
      <Filter>源文件</Filter>
    </ClCompile>
    <ClCompile Include="1011 World Cup Betting.cpp">
      <Filter>源文件</Filter>
    </ClCompile>
    <ClCompile Include="1012 The Best Rank.cpp">
      <Filter>源文件</Filter>
    </ClCompile>
    <ClCompile Include="1013 Battle Over Cities.cpp">
      <Filter>源文件</Filter>
    </ClCompile>
    <ClCompile Include="1013源.cpp">
      <Filter>源文件</Filter>
    </ClCompile>
    <ClCompile Include="1014 Waiting in Line.cpp">
      <Filter>源文件</Filter>
    </ClCompile>
    <ClCompile Include="1015Reversible Primes.cpp">
      <Filter>源文件</Filter>
    </ClCompile>
    <ClCompile Include="1016 Phone Bills.cpp">
      <Filter>源文件</Filter>
    </ClCompile>
    <ClCompile Include="1016柳神代码.cpp">
      <Filter>源文件</Filter>
    </ClCompile>
    <ClCompile Include="1017 Queueing at Bank.cpp">
      <Filter>源文件</Filter>
    </ClCompile>
    <ClCompile Include="1018 Public Bike Management.cpp">
      <Filter>源文件</Filter>
    </ClCompile>
    <ClCompile Include="1019 General Palindromic Number.cpp">
      <Filter>源文件</Filter>
    </ClCompile>
    <ClCompile Include="leetcode_8.cpp">
      <Filter>源文件</Filter>
    </ClCompile>
    <ClCompile Include="1020 Tree Traversals.cpp">
      <Filter>源文件</Filter>
    </ClCompile>
    <ClCompile Include="1021 Deepest Root.cpp">
      <Filter>源文件</Filter>
    </ClCompile>
    <ClCompile Include="template.cpp">
      <Filter>源文件</Filter>
    </ClCompile>
    <ClCompile Include="1022 Digital Library.cpp">
      <Filter>源文件</Filter>
    </ClCompile>
    <ClCompile Include="1023 Have Fun with Numbers.cpp">
      <Filter>源文件</Filter>
    </ClCompile>
    <ClCompile Include="1024 Palindromic Number.cpp">
      <Filter>源文件</Filter>
    </ClCompile>
    <ClCompile Include="1025 PAT Ranking.cpp">
      <Filter>源文件</Filter>
    </ClCompile>
    <ClCompile Include="1026 Table Tennis.cpp">
      <Filter>源文件</Filter>
    </ClCompile>
    <ClCompile Include="1027 Colors in Mars.cpp">
      <Filter>源文件</Filter>
    </ClCompile>
    <ClCompile Include="1028 List Sorting.cpp">
      <Filter>源文件</Filter>
    </ClCompile>
    <ClCompile Include="1029 Median.cpp">
      <Filter>源文件</Filter>
    </ClCompile>
    <ClCompile Include="1030 Travel Plan.cpp">
      <Filter>源文件</Filter>
    </ClCompile>
    <ClCompile Include="1031 Hello World for U.cpp">
      <Filter>源文件</Filter>
    </ClCompile>
    <ClCompile Include="1032 Sharing.cpp">
      <Filter>源文件</Filter>
    </ClCompile>
    <ClCompile Include="1033 To Fill or Not to Fill.cpp">
      <Filter>源文件</Filter>
    </ClCompile>
    <ClCompile Include="1034 Head of a Gang.cpp">
      <Filter>源文件</Filter>
    </ClCompile>
    <ClCompile Include="1035 Password.cpp">
      <Filter>源文件</Filter>
    </ClCompile>
    <ClCompile Include="1036 Boys vs Girls.cpp">
      <Filter>源文件</Filter>
    </ClCompile>
    <ClCompile Include="1037 Magic Coupon.cpp">
      <Filter>源文件</Filter>
    </ClCompile>
    <ClCompile Include="1038 Recover the Smallest Number.cpp">
      <Filter>源文件</Filter>
    </ClCompile>
    <ClCompile Include="1039 Course List for Student.cpp">
      <Filter>源文件</Filter>
    </ClCompile>
    <ClCompile Include="1040 Longest Symmetric String.cpp">
      <Filter>源文件</Filter>
    </ClCompile>
    <ClCompile Include="1041 Be Unique.cpp">
      <Filter>源文件</Filter>
    </ClCompile>
    <ClCompile Include="1042 Shuffling Machine.cpp">
      <Filter>源文件</Filter>
    </ClCompile>
    <ClCompile Include="1043 Is It a Binary Search Tree.cpp">
      <Filter>源文件</Filter>
    </ClCompile>
    <ClCompile Include="1044 Shopping in Mars.cpp">
      <Filter>源文件</Filter>
    </ClCompile>
    <ClCompile Include="1045 Favorite Color Stripe.cpp">
      <Filter>源文件</Filter>
    </ClCompile>
    <ClCompile Include="1046 Shortest Distance.cpp">
      <Filter>源文件</Filter>
    </ClCompile>
    <ClCompile Include="1047 Student List for Course.cpp">
      <Filter>源文件</Filter>
    </ClCompile>
    <ClCompile Include="1048 Find Coins.cpp">
      <Filter>源文件</Filter>
    </ClCompile>
    <ClCompile Include="1049 Counting Ones.cpp">
      <Filter>源文件</Filter>
    </ClCompile>
    <ClCompile Include="1050 String Subtraction.cpp">
      <Filter>源文件</Filter>
    </ClCompile>
    <ClCompile Include="1051 Pop Sequence.cpp">
      <Filter>源文件</Filter>
    </ClCompile>
    <ClCompile Include="1052 Linked List Sorting.cpp">
      <Filter>源文件</Filter>
    </ClCompile>
    <ClCompile Include="1053 Path of Equal Weight.cpp">
      <Filter>源文件</Filter>
    </ClCompile>
    <ClCompile Include="1054 The Dominant Color.cpp">
      <Filter>源文件</Filter>
    </ClCompile>
    <ClCompile Include="1055 The World%27s Richest.cpp">
      <Filter>源文件</Filter>
    </ClCompile>
    <ClCompile Include="1056 Mice and Rice.cpp">
      <Filter>源文件</Filter>
    </ClCompile>
    <ClCompile Include="1057 Stack[树状数组 二分查找].cpp">
      <Filter>源文件</Filter>
    </ClCompile>
    <ClCompile Include="1058 A+B in Hogwarts.cpp">
      <Filter>源文件</Filter>
    </ClCompile>
    <ClCompile Include="1059 Prime Factors.cpp">
      <Filter>源文件</Filter>
    </ClCompile>
    <ClCompile Include="1063 Set Similarity.cpp">
      <Filter>源文件</Filter>
    </ClCompile>
    <ClCompile Include="1064 Complete Binary Search Tree.cpp">
      <Filter>源文件</Filter>
    </ClCompile>
    <ClCompile Include="1065 A+B and C (64bit).cpp">
      <Filter>源文件</Filter>
    </ClCompile>
    <ClCompile Include="1066 Root of AVL Tree.cpp">
      <Filter>源文件</Filter>
    </ClCompile>
    <ClCompile Include="1060 Are They Equal.cpp">
      <Filter>源文件</Filter>
    </ClCompile>
    <ClCompile Include="1061 Dating.cpp">
      <Filter>源文件</Filter>
    </ClCompile>
    <ClCompile Include="1062 Talent and Virtue.cpp">
      <Filter>源文件</Filter>
    </ClCompile>
    <ClCompile Include="1067 Sort with Swap(0, i).cpp">
      <Filter>源文件</Filter>
    </ClCompile>
    <ClCompile Include="1068 Find More Coins.cpp">
      <Filter>源文件</Filter>
    </ClCompile>
    <ClCompile Include="1069 The Black Hole of Numbers.cpp">
      <Filter>源文件</Filter>
    </ClCompile>
    <ClCompile Include="1070 Mooncake.cpp">
      <Filter>源文件</Filter>
    </ClCompile>
    <ClCompile Include="1071 Speech Patterns.cpp">
      <Filter>源文件</Filter>
    </ClCompile>
    <ClCompile Include="1072 Gas Station.cpp">
      <Filter>源文件</Filter>
    </ClCompile>
    <ClCompile Include="1073 Scientific Notation.cpp">
      <Filter>源文件</Filter>
    </ClCompile>
    <ClCompile Include="1074 Reversing Linked List.cpp">
      <Filter>源文件</Filter>
    </ClCompile>
    <ClCompile Include="1075 PAT Judge.cpp">
      <Filter>源文件</Filter>
    </ClCompile>
    <ClCompile Include="1076 Forwards on Weibo.cpp">
      <Filter>源文件</Filter>
    </ClCompile>
    <ClCompile Include="1077 Kuchiguse.cpp">
      <Filter>源文件</Filter>
    </ClCompile>
    <ClCompile Include="1078 Hashing.cpp">
      <Filter>源文件</Filter>
    </ClCompile>
    <ClCompile Include="1079 Total Sales of Supply Chain.cpp">
      <Filter>源文件</Filter>
    </ClCompile>
    <ClCompile Include="1080 Graduate Admission.cpp">
      <Filter>源文件</Filter>
    </ClCompile>
    <ClCompile Include="1081 Rational Sum.cpp">
      <Filter>源文件</Filter>
    </ClCompile>
    <ClCompile Include="1082 Read Number in Chinese.cpp">
      <Filter>源文件</Filter>
    </ClCompile>
    <ClCompile Include="1083 List Grades.cpp">
      <Filter>源文件</Filter>
    </ClCompile>
    <ClCompile Include="1084 Broken Keyboard.cpp">
      <Filter>源文件</Filter>
    </ClCompile>
    <ClCompile Include="1085 Perfect Sequence.cpp">
      <Filter>源文件</Filter>
    </ClCompile>
    <ClCompile Include="1086 Tree Traversals Again.cpp">
      <Filter>源文件</Filter>
    </ClCompile>
    <ClCompile Include="1087 All Roads Lead to Rome.cpp">
      <Filter>源文件</Filter>
    </ClCompile>
    <ClCompile Include="1088 Rational Arithmetic.cpp">
      <Filter>源文件</Filter>
    </ClCompile>
    <ClCompile Include="1089 Insert or Merge.cpp">
      <Filter>源文件</Filter>
    </ClCompile>
    <ClCompile Include="1090 Highest Price in Supply Chain.cpp">
      <Filter>源文件</Filter>
    </ClCompile>
    <ClCompile Include="1091 Acute Stroke.cpp">
      <Filter>源文件</Filter>
    </ClCompile>
  </ItemGroup>
</Project>