
Microsoft Visual Studio Solution File, Format Version 12.00
# Visual Studio Version 16
VisualStudioVersion = 16.0.31911.196
MinimumVisualStudioVersion = 10.0.40219.1
Project("{8BC9CEB8-8B4A-11D0-8D11-00A0C91BC942}") = "PAT since 1009", "PAT since 1009\PAT since 1009.vcxproj", "{FEA7AFFC-3183-415D-91AF-2A7DDF0792D4}"
EndProject
Global
	GlobalSection(SolutionConfigurationPlatforms) = preSolution
		Debug|x64 = Debug|x64
		Debug|x86 = Debug|x86
		Release|x64 = Release|x64
		Release|x86 = Release|x86
	EndGlobalSection
	GlobalSection(ProjectConfigurationPlatforms) = postSolution
		{FEA7AFFC-3183-415D-91AF-2A7DDF0792D4}.Debug|x64.ActiveCfg = Debug|x64
		{FEA7AFFC-3183-415D-91AF-2A7DDF0792D4}.Debug|x64.Build.0 = Debug|x64
		{FEA7AFFC-3183-415D-91AF-2A7DDF0792D4}.Debug|x86.ActiveCfg = Debug|Win32
		{FEA7AFFC-3183-415D-91AF-2A7DDF0792D4}.Debug|x86.Build.0 = Debug|Win32
		{FEA7AFFC-3183-415D-91AF-2A7DDF0792D4}.Release|x64.ActiveCfg = Release|x64
		{FEA7AFFC-3183-415D-91AF-2A7DDF0792D4}.Release|x64.Build.0 = Release|x64
		{FEA7AFFC-3183-415D-91AF-2A7DDF0792D4}.Release|x86.ActiveCfg = Release|Win32
		{FEA7AFFC-3183-415D-91AF-2A7DDF0792D4}.Release|x86.Build.0 = Release|Win32
	EndGlobalSection
	GlobalSection(SolutionProperties) = preSolution
		HideSolutionNode = FALSE
	EndGlobalSection
	GlobalSection(ExtensibilityGlobals) = postSolution
		SolutionGuid = {4C903693-6B85-4657-A167-BB77C9848D86}
	EndGlobalSection
EndGlobal
